
Microsoft Visual Studio Solution File, Format Version 12.00
# Visual Studio Version 17
VisualStudioVersion = 17.5.33530.505
MinimumVisualStudioVersion = 10.0.40219.1
Project("{9A19103F-16F7-4668-BE54-9A1E7A4F7556}") = "UESAN.Jobs.API", "UESAN.Jobs.API\UESAN.Jobs.API.csproj", "{BD6C283E-66E2-444D-97FB-89074D510D4C}"
EndProject
Project("{9A19103F-16F7-4668-BE54-9A1E7A4F7556}") = "UESAN.Jobs.Core", "UESAN.Jobs.Core\UESAN.Jobs.Core.csproj", "{10A0DBBB-2735-49D7-9852-DB6EE17F0F3E}"
EndProject
Project("{9A19103F-16F7-4668-BE54-9A1E7A4F7556}") = "UESAN.Jobs.Infrastructure", "UESAN.Jobs.Infrastructure\UESAN.Jobs.Infrastructure.csproj", "{F2B27A4F-708A-4C12-BB6A-9A4E81220E7D}"
EndProject
Project("{00D1A9C2-B5F0-4AF3-8072-F6C62B433612}") = "UESAN.Jobs.Database", "UESAN.Jobs.Database\UESAN.Jobs.Database.sqlproj", "{52FDC928-22A8-48C5-B873-642DFC5D627D}"
EndProject
Global
	GlobalSection(SolutionConfigurationPlatforms) = preSolution
		Debug|Any CPU = Debug|Any CPU
		Release|Any CPU = Release|Any CPU
	EndGlobalSection
	GlobalSection(ProjectConfigurationPlatforms) = postSolution
		{BD6C283E-66E2-444D-97FB-89074D510D4C}.Debug|Any CPU.ActiveCfg = Debug|Any CPU
		{BD6C283E-66E2-444D-97FB-89074D510D4C}.Debug|Any CPU.Build.0 = Debug|Any CPU
		{BD6C283E-66E2-444D-97FB-89074D510D4C}.Release|Any CPU.ActiveCfg = Release|Any CPU
		{BD6C283E-66E2-444D-97FB-89074D510D4C}.Release|Any CPU.Build.0 = Release|Any CPU
		{10A0DBBB-2735-49D7-9852-DB6EE17F0F3E}.Debug|Any CPU.ActiveCfg = Debug|Any CPU
		{10A0DBBB-2735-49D7-9852-DB6EE17F0F3E}.Debug|Any CPU.Build.0 = Debug|Any CPU
		{10A0DBBB-2735-49D7-9852-DB6EE17F0F3E}.Release|Any CPU.ActiveCfg = Release|Any CPU
		{10A0DBBB-2735-49D7-9852-DB6EE17F0F3E}.Release|Any CPU.Build.0 = Release|Any CPU
		{F2B27A4F-708A-4C12-BB6A-9A4E81220E7D}.Debug|Any CPU.ActiveCfg = Debug|Any CPU
		{F2B27A4F-708A-4C12-BB6A-9A4E81220E7D}.Debug|Any CPU.Build.0 = Debug|Any CPU
		{F2B27A4F-708A-4C12-BB6A-9A4E81220E7D}.Release|Any CPU.ActiveCfg = Release|Any CPU
		{F2B27A4F-708A-4C12-BB6A-9A4E81220E7D}.Release|Any CPU.Build.0 = Release|Any CPU
		{52FDC928-22A8-48C5-B873-642DFC5D627D}.Debug|Any CPU.ActiveCfg = Debug|Any CPU
		{52FDC928-22A8-48C5-B873-642DFC5D627D}.Debug|Any CPU.Build.0 = Debug|Any CPU
		{52FDC928-22A8-48C5-B873-642DFC5D627D}.Debug|Any CPU.Deploy.0 = Debug|Any CPU
		{52FDC928-22A8-48C5-B873-642DFC5D627D}.Release|Any CPU.ActiveCfg = Release|Any CPU
		{52FDC928-22A8-48C5-B873-642DFC5D627D}.Release|Any CPU.Build.0 = Release|Any CPU
		{52FDC928-22A8-48C5-B873-642DFC5D627D}.Release|Any CPU.Deploy.0 = Release|Any CPU
	EndGlobalSection
	GlobalSection(SolutionProperties) = preSolution
		HideSolutionNode = FALSE
	EndGlobalSection
	GlobalSection(ExtensibilityGlobals) = postSolution
		SolutionGuid = {C65C1198-20A9-4E6F-B753-C8F84DAC6A71}
	EndGlobalSection
EndGlobal
